
Microsoft Visual Studio Solution File, Format Version 12.00
# Visual Studio Version 17
VisualStudioVersion = 17.11.35219.272
MinimumVisualStudioVersion = 10.0.40219.1
Project("{888888A0-9F3D-457C-B088-3A5042F75D52}") = "Project Main AH Comp", "Project Main AH Comp.pyproj", "{6F8841E2-A00B-429B-B7DE-F50603864FBE}"
EndProject
Global
	GlobalSection(SolutionConfigurationPlatforms) = preSolution
		Debug|Any CPU = Debug|Any CPU
		Release|Any CPU = Release|Any CPU
	EndGlobalSection
	GlobalSection(ProjectConfigurationPlatforms) = postSolution
		{6F8841E2-A00B-429B-B7DE-F50603864FBE}.Debug|Any CPU.ActiveCfg = Debug|Any CPU
		{6F8841E2-A00B-429B-B7DE-F50603864FBE}.Release|Any CPU.ActiveCfg = Release|Any CPU
	EndGlobalSection
	GlobalSection(SolutionProperties) = preSolution
		HideSolutionNode = FALSE
	EndGlobalSection
	GlobalSection(ExtensibilityGlobals) = postSolution
		SolutionGuid = {C6ABAEC9-C549-48D1-ACD0-9AD970237415}
	EndGlobalSection
EndGlobal
